<Solution>
  <Folder Name="/src/" />
  <Folder Name="/src/Core/">
    <Project Path="src/Core/TapHoa.Application/TapHoa.Application.csproj" />
    <Project Path="src/Core/TapHoa.Domain/TapHoa.Domain.csproj" />
  </Folder>
  <Folder Name="/src/Infrastructure/">
    <Project Path="src/Infrastructure/TapHoa.Infrastructure/TapHoa.Infrastructure.csproj" />
    <Project Path="src/Infrastructure/TapHoa.Persistence/TapHoa.Persistence.csproj" />
  </Folder>
  <Folder Name="/src/Presentation/">
    <Project Path="src/Presentation/TapHoa.Api/TapHoa.Api.csproj" />
    <Project Path="src/Presentation/TapHoa.Worker/TapHoa.Worker.csproj" />
  </Folder>
  <Folder Name="/src/SharedKernel/">
    <Project Path="src/SharedKernel/TapHoa.Utilities/TapHoa.Utilities.csproj" />
  </Folder>
</Solution>
